
Microsoft Visual Studio Solution File, Format Version 12.00
# Visual Studio Version 17
VisualStudioVersion = 17.9.34607.119
MinimumVisualStudioVersion = 10.0.40219.1
Project("{FAE04EC0-301F-11D3-BF4B-00C04F79EFBC}") = "FORTUNE-8OS", "FORTUNE-8OS\FORTUNE-8OS.csproj", "{B91874A5-BFD6-44F4-AD78-C1A37D7DC51D}"
EndProject
Project("{FAE04EC0-301F-11D3-BF4B-00C04F79EFBC}") = "FORTUNE-8OS_Tests", "FORTUNE-8OS_Tests\FORTUNE-8OS_Tests.csproj", "{3B324FDD-A017-496E-87ED-852C14BE4134}"
EndProject
Global
	GlobalSection(SolutionConfigurationPlatforms) = preSolution
		Debug|Any CPU = Debug|Any CPU
		Release|Any CPU = Release|Any CPU
	EndGlobalSection
	GlobalSection(ProjectConfigurationPlatforms) = postSolution
		{B91874A5-BFD6-44F4-AD78-C1A37D7DC51D}.Debug|Any CPU.ActiveCfg = Debug|Any CPU
		{B91874A5-BFD6-44F4-AD78-C1A37D7DC51D}.Debug|Any CPU.Build.0 = Debug|Any CPU
		{B91874A5-BFD6-44F4-AD78-C1A37D7DC51D}.Release|Any CPU.ActiveCfg = Release|Any CPU
		{B91874A5-BFD6-44F4-AD78-C1A37D7DC51D}.Release|Any CPU.Build.0 = Release|Any CPU
		{3B324FDD-A017-496E-87ED-852C14BE4134}.Debug|Any CPU.ActiveCfg = Debug|Any CPU
		{3B324FDD-A017-496E-87ED-852C14BE4134}.Debug|Any CPU.Build.0 = Debug|Any CPU
		{3B324FDD-A017-496E-87ED-852C14BE4134}.Release|Any CPU.ActiveCfg = Release|Any CPU
		{3B324FDD-A017-496E-87ED-852C14BE4134}.Release|Any CPU.Build.0 = Release|Any CPU
	EndGlobalSection
	GlobalSection(SolutionProperties) = preSolution
		HideSolutionNode = FALSE
	EndGlobalSection
	GlobalSection(ExtensibilityGlobals) = postSolution
		SolutionGuid = {00415126-4806-4E73-96CF-CCB3CD55A0F5}
	EndGlobalSection
EndGlobal
